PODS:
  - flutter_pjsip (0.0.1):
    - FlutterMacOS
  - FlutterMacOS (1.0.0)

DEPENDENCIES:
  - flutter_pjsip (from `Flutter/ephemeral/.symlinks/plugins/flutter_pjsip/macos`)
  - FlutterMacOS (from `Flutter/ephemeral`)

EXTERNAL SOURCES:
  flutter_pjsip:
    :path: Flutter/ephemeral/.symlinks/plugins/flutter_pjsip/macos
  FlutterMacOS:
    :path: Flutter/ephemeral

SPEC CHECKSUMS:
  flutter_pjsip: d12f0d37eb637417edad9aaed861e2bfa6638cf1
  FlutterMacOS: 8f6f14fa908a6fb3fba0cd85dbd81ec4b251fb24

PODFILE CHECKSUM: 236401fc2c932af29a9fcf0e97baeeb2d750d367

COCOAPODS: 1.13.0
