PODS:
  - Flutter (1.0.0)
  - flutter_pjsip (0.0.1):
    - Flutter
  - integration_test (0.0.1):
    - Flutter

DEPENDENCIES:
  - Flutter (from `Flutter`)
  - flutter_pjsip (from `.symlinks/plugins/flutter_pjsip/ios`)
  - integration_test (from `.symlinks/plugins/integration_test/ios`)

EXTERNAL SOURCES:
  Flutter:
    :path: Flutter
  flutter_pjsip:
    :path: ".symlinks/plugins/flutter_pjsip/ios"
  integration_test:
    :path: ".symlinks/plugins/integration_test/ios"

SPEC CHECKSUMS:
  Flutter: f04841e97a9d0b0a8025694d0796dd46242b2854
  flutter_pjsip: 63451e6cbb18805aba899d05d2076cbb3dfe7ec7
  integration_test: 13825b8a9334a850581300559b8839134b124670

PODFILE CHECKSUM: a57f30d18f102dd3ce366b1d62a55ecbef2158e5

COCOAPODS: 1.14.3
